lockfileVersion: '9.0'

settings:
  autoInstallPeers: true
  excludeLinksFromLockfile: false

importers:

  .:
    dependencies:
      '@highlightjs/vue-plugin':
        specifier: ^2.1.0
        version: 2.1.0(highlight.js@11.9.0)(vue@3.4.25)
      highlight.js:
        specifier: ^11.9.0
        version: 11.9.0

packages:

  '@babel/helper-string-parser@7.24.1':
    resolution: {integrity: sha512-2ofRCjnnA9y+wk8b9IAREroeUP02KHp431N2mhKniy2yKIDKpbrHv9eXwm8cBeWQYcJmzv5qKCu65P47eCF7CQ==}
    engines: {node: '>=6.9.0'}

  '@babel/helper-validator-identifier@7.22.20':
    resolution: {integrity: sha512-Y4OZ+ytlatR8AI+8KZfKuL5urKp7qey08ha31L8b3BwewJAoJamTzyvxPR/5D+KkdJCGPq/+8TukHBlY10FX9A==}
    engines: {node: '>=6.9.0'}

  '@babel/parser@7.24.4':
    resolution: {integrity: sha512-zTvEBcghmeBma9QIGunWevvBAp4/Qu9Bdq+2k0Ot4fVMD6v3dsC9WOcRSKk7tRRyBM/53yKMJko9xOatGQAwSg==}
    engines: {node: '>=6.0.0'}
    hasBin: true

  '@babel/types@7.24.0':
    resolution: {integrity: sha512-+j7a5c253RfKh8iABBhywc8NSfP5LURe7Uh4qpsh6jc+aLJguvmIUBdjSdEMQv2bENrCR5MfRdjGo7vzS/ob7w==}
    engines: {node: '>=6.9.0'}

  '@highlightjs/vue-plugin@2.1.0':
    resolution: {integrity: sha512-E+bmk4ncca+hBEYRV2a+1aIzIV0VSY/e5ArjpuSN9IO7wBJrzUE2u4ESCwrbQD7sAy+jWQjkV5qCCWgc+pu7CQ==}
    peerDependencies:
      highlight.js: ^11.0.1
      vue: ^3

  '@jridgewell/sourcemap-codec@1.4.15':
    resolution: {integrity: sha512-eF2rxCRulEKXHTRiDrDy6erMYWqNw4LPdQ8UQA4huuxaQsVeRPFl2oM8oDGxMFhJUWZf9McpLtJasDDZb/Bpeg==}

  '@vue/compiler-core@3.4.25':
    resolution: {integrity: sha512-Y2pLLopaElgWnMNolgG8w3C5nNUVev80L7hdQ5iIKPtMJvhVpG0zhnBG/g3UajJmZdvW0fktyZTotEHD1Srhbg==}

  '@vue/compiler-dom@3.4.25':
    resolution: {integrity: sha512-Ugz5DusW57+HjllAugLci19NsDK+VyjGvmbB2TXaTcSlQxwL++2PETHx/+Qv6qFwNLzSt7HKepPe4DcTE3pBWg==}

  '@vue/compiler-sfc@3.4.25':
    resolution: {integrity: sha512-m7rryuqzIoQpOBZ18wKyq05IwL6qEpZxFZfRxlNYuIPDqywrXQxgUwLXIvoU72gs6cRdY6wHD0WVZIFE4OEaAQ==}

  '@vue/compiler-ssr@3.4.25':
    resolution: {integrity: sha512-H2ohvM/Pf6LelGxDBnfbbXFPyM4NE3hrw0e/EpwuSiYu8c819wx+SVGdJ65p/sFrYDd6OnSDxN1MB2mN07hRSQ==}

  '@vue/reactivity@3.4.25':
    resolution: {integrity: sha512-mKbEtKr1iTxZkAG3vm3BtKHAOhuI4zzsVcN0epDldU/THsrvfXRKzq+lZnjczZGnTdh3ojd86/WrP+u9M51pWQ==}

  '@vue/runtime-core@3.4.25':
    resolution: {integrity: sha512-3qhsTqbEh8BMH3pXf009epCI5E7bKu28fJLi9O6W+ZGt/6xgSfMuGPqa5HRbUxLoehTNp5uWvzCr60KuiRIL0Q==}

  '@vue/runtime-dom@3.4.25':
    resolution: {integrity: sha512-ode0sj77kuwXwSc+2Yhk8JMHZh1sZp9F/51wdBiz3KGaWltbKtdihlJFhQG4H6AY+A06zzeMLkq6qu8uDSsaoA==}

  '@vue/server-renderer@3.4.25':
    resolution: {integrity: sha512-8VTwq0Zcu3K4dWV0jOwIVINESE/gha3ifYCOKEhxOj6MEl5K5y8J8clQncTcDhKF+9U765nRw4UdUEXvrGhyVQ==}
    peerDependencies:
      vue: 3.4.25

  '@vue/shared@3.4.25':
    resolution: {integrity: sha512-k0yappJ77g2+KNrIaF0FFnzwLvUBLUYr8VOwz+/6vLsmItFp51AcxLL7Ey3iPd7BIRyWPOcqUjMnm7OkahXllA==}

  csstype@3.1.3:
    resolution: {integrity: sha512-M1uQkMl8rQK/szD0LNhtqxIPLpimGm8sOBwU7lLnCpSbTyY3yeU1Vc7l4KT5zT4s/yOxHH5O7tIuuLOCnLADRw==}

  entities@4.5.0:
    resolution: {integrity: sha512-V0hjH4dGPh9Ao5p0MoRY6BVqtwCjhz6vI5LT8AJ55H+4g9/4vbHx1I54fS0XuclLhDHArPQCiMjDxjaL8fPxhw==}
    engines: {node: '>=0.12'}

  estree-walker@2.0.2:
    resolution: {integrity: sha512-Rfkk/Mp/DL7JVje3u18FxFujQlTNR2q6QfMSMB7AvCBx91NGj/ba3kCfza0f6dVDbw7YlRf/nDrn7pQrCCyQ/w==}

  highlight.js@11.9.0:
    resolution: {integrity: sha512-fJ7cW7fQGCYAkgv4CPfwFHrfd/cLS4Hau96JuJ+ZTOWhjnhoeN1ub1tFmALm/+lW5z4WCAuAV9bm05AP0mS6Gw==}
    engines: {node: '>=12.0.0'}

  magic-string@0.30.10:
    resolution: {integrity: sha512-iIRwTIf0QKV3UAnYK4PU8uiEc4SRh5jX0mwpIwETPpHdhVM4f53RSwS/vXvN1JhGX+Cs7B8qIq3d6AH49O5fAQ==}

  nanoid@3.3.7:
    resolution: {integrity: sha512-eSRppjcPIatRIMC1U6UngP8XFcz8MQWGQdt1MTBQ7NaAmvXDfvNxbvWV3x2y6CdEUciCSsDHDQZbhYaB8QEo2g==}
    engines: {node: ^10 || ^12 || ^13.7 || ^14 || >=15.0.1}
    hasBin: true

  picocolors@1.0.0:
    resolution: {integrity: sha512-1fygroTLlHu66zi26VoTDv8yRgm0Fccecssto+MhsZ0D/DGW2sm8E8AjW7NU5VVTRt5GxbeZ5qBuJr+HyLYkjQ==}

  postcss@8.4.38:
    resolution: {integrity: sha512-Wglpdk03BSfXkHoQa3b/oulrotAkwrlLDRSOb9D0bN86FdRyE9lppSp33aHNPgBa0JKCoB+drFLZkQoRRYae5A==}
    engines: {node: ^10 || ^12 || >=14}

  source-map-js@1.2.0:
    resolution: {integrity: sha512-itJW8lvSA0TXEphiRoawsCksnlf8SyvmFzIhltqAHluXd88pkCd+cXJVHTDwdCr0IzwptSm035IHQktUu1QUMg==}
    engines: {node: '>=0.10.0'}

  to-fast-properties@2.0.0:
    resolution: {integrity: sha512-/OaKK0xYrs3DmxRYqL/yDc+FxFUVYhDlXMhRmv3z915w2HF1tnN1omB354j8VUGO/hbRzyD6Y3sA7v7GS/ceog==}
    engines: {node: '>=4'}

  vue@3.4.25:
    resolution: {integrity: sha512-HWyDqoBHMgav/OKiYA2ZQg+kjfMgLt/T0vg4cbIF7JbXAjDexRf5JRg+PWAfrAkSmTd2I8aPSXtooBFWHB98cg==}
    peerDependencies:
      typescript: '*'
    peerDependenciesMeta:
      typescript:
        optional: true

snapshots:

  '@babel/helper-string-parser@7.24.1': {}

  '@babel/helper-validator-identifier@7.22.20': {}

  '@babel/parser@7.24.4':
    dependencies:
      '@babel/types': 7.24.0

  '@babel/types@7.24.0':
    dependencies:
      '@babel/helper-string-parser': 7.24.1
      '@babel/helper-validator-identifier': 7.22.20
      to-fast-properties: 2.0.0

  '@highlightjs/vue-plugin@2.1.0(highlight.js@11.9.0)(vue@3.4.25)':
    dependencies:
      highlight.js: 11.9.0
      vue: 3.4.25

  '@jridgewell/sourcemap-codec@1.4.15': {}

  '@vue/compiler-core@3.4.25':
    dependencies:
      '@babel/parser': 7.24.4
      '@vue/shared': 3.4.25
      entities: 4.5.0
      estree-walker: 2.0.2
      source-map-js: 1.2.0

  '@vue/compiler-dom@3.4.25':
    dependencies:
      '@vue/compiler-core': 3.4.25
      '@vue/shared': 3.4.25

  '@vue/compiler-sfc@3.4.25':
    dependencies:
      '@babel/parser': 7.24.4
      '@vue/compiler-core': 3.4.25
      '@vue/compiler-dom': 3.4.25
      '@vue/compiler-ssr': 3.4.25
      '@vue/shared': 3.4.25
      estree-walker: 2.0.2
      magic-string: 0.30.10
      postcss: 8.4.38
      source-map-js: 1.2.0

  '@vue/compiler-ssr@3.4.25':
    dependencies:
      '@vue/compiler-dom': 3.4.25
      '@vue/shared': 3.4.25

  '@vue/reactivity@3.4.25':
    dependencies:
      '@vue/shared': 3.4.25

  '@vue/runtime-core@3.4.25':
    dependencies:
      '@vue/reactivity': 3.4.25
      '@vue/shared': 3.4.25

  '@vue/runtime-dom@3.4.25':
    dependencies:
      '@vue/runtime-core': 3.4.25
      '@vue/shared': 3.4.25
      csstype: 3.1.3

  '@vue/server-renderer@3.4.25(vue@3.4.25)':
    dependencies:
      '@vue/compiler-ssr': 3.4.25
      '@vue/shared': 3.4.25
      vue: 3.4.25

  '@vue/shared@3.4.25': {}

  csstype@3.1.3: {}

  entities@4.5.0: {}

  estree-walker@2.0.2: {}

  highlight.js@11.9.0: {}

  magic-string@0.30.10:
    dependencies:
      '@jridgewell/sourcemap-codec': 1.4.15

  nanoid@3.3.7: {}

  picocolors@1.0.0: {}

  postcss@8.4.38:
    dependencies:
      nanoid: 3.3.7
      picocolors: 1.0.0
      source-map-js: 1.2.0

  source-map-js@1.2.0: {}

  to-fast-properties@2.0.0: {}

  vue@3.4.25:
    dependencies:
      '@vue/compiler-dom': 3.4.25
      '@vue/compiler-sfc': 3.4.25
      '@vue/runtime-dom': 3.4.25
      '@vue/server-renderer': 3.4.25(vue@3.4.25)
      '@vue/shared': 3.4.25
